// !$*UTF8*$!
{
	archiveVersion = 1;
	classes = {
	};
	objectVersion = 51;
	objects = {

/* Begin PBXBuildFile section */
		9422E51326254E3E00C35E4A /* ChatViewController.swift in Sources */ = {isa = PBXBuildFile; fileRef = 9422E51226254E3E00C35E4A /* ChatViewController.swift */; };
		9422E51626254ECE00C35E4A /* LoginViewController.swift in Sources */ = {isa = PBXBuildFile; fileRef = 9422E51526254ECE00C35E4A /* LoginViewController.swift */; };
		9422E51926254FB300C35E4A /* LottieLoading.swift in Sources */ = {isa = PBXBuildFile; fileRef = 9422E51826254FB300C35E4A /* LottieLoading.swift */; };
		9422E51D262552AA00C35E4A /* CustomCell.swift in Sources */ = {isa = PBXBuildFile; fileRef = 9422E51B262552AA00C35E4A /* CustomCell.swift */; };
		9422E51E262552AA00C35E4A /* CustomCell.xib in Resources */ = {isa = PBXBuildFile; fileRef = 9422E51C262552AA00C35E4A /* CustomCell.xib */; };
		944B037D2625381D001623BC /* AppDelegate.swift in Sources */ = {isa = PBXBuildFile; fileRef = 944B037C2625381D001623BC /* AppDelegate.swift */; };
		944B037F2625381D001623BC /* SceneDelegate.swift in Sources */ = {isa = PBXBuildFile; fileRef = 944B037E2625381D001623BC /* SceneDelegate.swift */; };
		944B03812625381D001623BC /* ViewController.swift in Sources */ = {isa = PBXBuildFile; fileRef = 944B03802625381D001623BC /* ViewController.swift */; };
		944B03842625381E001623BC /* Main.storyboard in Resources */ = {isa = PBXBuildFile; fileRef = 944B03822625381E001623BC /* Main.storyboard */; };
		944B038626253820001623BC /* Assets.xcassets in Resources */ = {isa = PBXBuildFile; fileRef = 944B038526253820001623BC /* Assets.xcassets */; };
		944B038926253820001623BC /* LaunchScreen.storyboard in Resources */ = {isa = PBXBuildFile; fileRef = 944B038726253820001623BC /* LaunchScreen.storyboard */; };
		944B039926253CC5001623BC /* RegisterViewController.swift in Sources */ = {isa = PBXBuildFile; fileRef = 944B039826253CC5001623BC /* RegisterViewController.swift */; };
		9478E6F2262560E00022D813 /* Message.swift in Sources */ = {isa = PBXBuildFile; fileRef = 9478E6F1262560E00022D813 /* Message.swift */; };
		9478E6F526256F020022D813 /* GoogleService-Info.plist in Resources */ = {isa = PBXBuildFile; fileRef = 9478E6F426256F020022D813 /* GoogleService-Info.plist */; };
		9478E6F8262570530022D813 /* loading.json in Resources */ = {isa = PBXBuildFile; fileRef = 9478E6F7262570530022D813 /* loading.json */; };
		C096D390366DFCF49D48486A /* Pods_ChatApp1.framework in Frameworks */ = {isa = PBXBuildFile; fileRef = 0ED416305B3F06F7B5E61BAC /* Pods_ChatApp1.framework */; };
/* End PBXBuildFile section */

/* Begin PBXFileReference section */
		0ED416305B3F06F7B5E61BAC /* Pods_ChatApp1.framework */ = {isa = PBXFileReference; explicitFileType = wrapper.framework; includeInIndex = 0; path = Pods_ChatApp1.framework; sourceTree = BUILT_PRODUCTS_DIR; };
		39E14616B8E692BFB6666353 /* Pods-ChatApp1.debug.xcconfig */ = {isa = PBXFileReference; includeInIndex = 1; lastKnownFileType = text.xcconfig; name = "Pods-ChatApp1.debug.xcconfig"; path = "Target Support Files/Pods-ChatApp1/Pods-ChatApp1.debug.xcconfig"; sourceTree = "<group>"; };
		9422E51226254E3E00C35E4A /* ChatViewController.swift */ = {isa = PBXFileReference; lastKnownFileType = sourcecode.swift; path = ChatViewController.swift; sourceTree = "<group>"; };
		9422E51526254ECE00C35E4A /* LoginViewController.swift */ = {isa = PBXFileReference; lastKnownFileType = sourcecode.swift; path = LoginViewController.swift; sourceTree = "<group>"; };
		9422E51826254FB300C35E4A /* LottieLoading.swift */ = {isa = PBXFileReference; lastKnownFileType = sourcecode.swift; path = LottieLoading.swift; sourceTree = "<group>"; };
		9422E51B262552AA00C35E4A /* CustomCell.swift */ = {isa = PBXFileReference; lastKnownFileType = sourcecode.swift; path = CustomCell.swift; sourceTree = "<group>"; };
		9422E51C262552AA00C35E4A /* CustomCell.xib */ = {isa = PBXFileReference; lastKnownFileType = file.xib; path = CustomCell.xib; sourceTree = "<group>"; };
		944B03792625381D001623BC /* ChatApp1.app */ = {isa = PBXFileReference; explicitFileType = wrapper.application; includeInIndex = 0; path = ChatApp1.app; sourceTree = BUILT_PRODUCTS_DIR; };
		944B037C2625381D001623BC /* AppDelegate.swift */ = {isa = PBXFileReference; lastKnownFileType = sourcecode.swift; path = AppDelegate.swift; sourceTree = "<group>"; };
		944B037E2625381D001623BC /* SceneDelegate.swift */ = {isa = PBXFileReference; lastKnownFileType = sourcecode.swift; path = SceneDelegate.swift; sourceTree = "<group>"; };
		944B03802625381D001623BC /* ViewController.swift */ = {isa = PBXFileReference; lastKnownFileType = sourcecode.swift; path = ViewController.swift; sourceTree = "<group>"; };
		944B03832625381E001623BC /* Base */ = {isa = PBXFileReference; lastKnownFileType = file.storyboard; name = Base; path = Base.lproj/Main.storyboard; sourceTree = "<group>"; };
		944B038526253820001623BC /* Assets.xcassets */ = {isa = PBXFileReference; lastKnownFileType = folder.assetcatalog; path = Assets.xcassets; sourceTree = "<group>"; };
		944B038826253820001623BC /* Base */ = {isa = PBXFileReference; lastKnownFileType = file.storyboard; name = Base; path = Base.lproj/LaunchScreen.storyboard; sourceTree = "<group>"; };
		944B038A26253820001623BC /* Info.plist */ = {isa = PBXFileReference; lastKnownFileType = text.plist.xml; path = Info.plist; sourceTree = "<group>"; };
		944B039826253CC5001623BC /* RegisterViewController.swift */ = {isa = PBXFileReference; lastKnownFileType = sourcecode.swift; path = RegisterViewController.swift; sourceTree = "<group>"; };
		9478E6F1262560E00022D813 /* Message.swift */ = {isa = PBXFileReference; lastKnownFileType = sourcecode.swift; path = Message.swift; sourceTree = "<group>"; };
		9478E6F426256F020022D813 /* GoogleService-Info.plist */ = {isa = PBXFileReference; fileEncoding = 4; lastKnownFileType = text.plist.xml; path = "GoogleService-Info.plist"; sourceTree = "<group>"; };
		9478E6F7262570530022D813 /* loading.json */ = {isa = PBXFileReference; fileEncoding = 4; lastKnownFileType = text.json; path = loading.json; sourceTree = "<group>"; };
		CF5ECF62AAA32B5611C939C9 /* Pods-ChatApp1.release.xcconfig */ = {isa = PBXFileReference; includeInIndex = 1; lastKnownFileType = text.xcconfig; name = "Pods-ChatApp1.release.xcconfig"; path = "Target Support Files/Pods-ChatApp1/Pods-ChatApp1.release.xcconfig"; sourceTree = "<group>"; };
/* End PBXFileReference section */

/* Begin PBXFrameworksBuildPhase section */
		944B03762625381D001623BC /* Frameworks */ = {
			isa = PBXFrameworksBuildPhase;
			buildActionMask = 2147483647;
			files = (
				C096D390366DFCF49D48486A /* Pods_ChatApp1.framework in Frameworks */,
			);
			runOnlyForDeploymentPostprocessing = 0;
		};
/* End PBXFrameworksBuildPhase section */

/* Begin PBXGroup section */
		4157290BEA9501D72F186FE5 /* Frameworks */ = {
			isa = PBXGroup;
			children = (
				0ED416305B3F06F7B5E61BAC /* Pods_ChatApp1.framework */,
			);
			name = Frameworks;
			sourceTree = "<group>";
		};
		571D465A3E77C7EF6FB0065E /* Pods */ = {
			isa = PBXGroup;
			children = (
				39E14616B8E692BFB6666353 /* Pods-ChatApp1.debug.xcconfig */,
				CF5ECF62AAA32B5611C939C9 /* Pods-ChatApp1.release.xcconfig */,
			);
			path = Pods;
			sourceTree = "<group>";
		};
		944B03702625381D001623BC = {
			isa = PBXGroup;
			children = (
				944B037B2625381D001623BC /* ChatApp1 */,
				944B037A2625381D001623BC /* Products */,
				571D465A3E77C7EF6FB0065E /* Pods */,
				4157290BEA9501D72F186FE5 /* Frameworks */,
			);
			sourceTree = "<group>";
		};
		944B037A2625381D001623BC /* Products */ = {
			isa = PBXGroup;
			children = (
				944B03792625381D001623BC /* ChatApp1.app */,
			);
			name = Products;
			sourceTree = "<group>";
		};
		944B037B2625381D001623BC /* ChatApp1 */ = {
			isa = PBXGroup;
			children = (
				944B039326253C53001623BC /* Model */,
				944B039426253C58001623BC /* View */,
				944B039526253C5C001623BC /* Controller */,
				944B038726253820001623BC /* LaunchScreen.storyboard */,
				9478E6F7262570530022D813 /* loading.json */,
				944B038A26253820001623BC /* Info.plist */,
				9478E6F426256F020022D813 /* GoogleService-Info.plist */,
			);
			path = ChatApp1;
			sourceTree = "<group>";
		};
		944B039326253C53001623BC /* Model */ = {
			isa = PBXGroup;
			children = (
				9422E51826254FB300C35E4A /* LottieLoading.swift */,
				9478E6F1262560E00022D813 /* Message.swift */,
			);
			path = Model;
			sourceTree = "<group>";
		};
		944B039426253C58001623BC /* View */ = {
			isa = PBXGroup;
			children = (
				944B03822625381E001623BC /* Main.storyboard */,
				944B038526253820001623BC /* Assets.xcassets */,
				9422E51B262552AA00C35E4A /* CustomCell.swift */,
				9422E51C262552AA00C35E4A /* CustomCell.xib */,
			);
			path = View;
			sourceTree = "<group>";
		};
		944B039526253C5C001623BC /* Controller */ = {
			isa = PBXGroup;
			children = (
				944B037C2625381D001623BC /* AppDelegate.swift */,
				944B037E2625381D001623BC /* SceneDelegate.swift */,
				944B03802625381D001623BC /* ViewController.swift */,
				944B039826253CC5001623BC /* RegisterViewController.swift */,
				9422E51226254E3E00C35E4A /* ChatViewController.swift */,
				9422E51526254ECE00C35E4A /* LoginViewController.swift */,
			);
			path = Controller;
			sourceTree = "<group>";
		};
/* End PBXGroup section */

/* Begin PBXNativeTarget section */
		944B03782625381D001623BC /* ChatApp1 */ = {
			isa = PBXNativeTarget;
			buildConfigurationList = 944B038D26253820001623BC /* Build configuration list for PBXNativeTarget "ChatApp1" */;
			buildPhases = (
				9C52C315412DD9C9C8628DA2 /* [CP] Check Pods Manifest.lock */,
				944B03752625381D001623BC /* Sources */,
				944B03762625381D001623BC /* Frameworks */,
				944B03772625381D001623BC /* Resources */,
				5817DEA474FCB560AEC0AB26 /* [CP] Embed Pods Frameworks */,
			);
			buildRules = (
			);
			dependencies = (
			);
			name = ChatApp1;
			productName = ChatApp1;
			productReference = 944B03792625381D001623BC /* ChatApp1.app */;
			productType = "com.apple.product-type.application";
		};
/* End PBXNativeTarget section */

/* Begin PBXProject section */
		944B03712625381D001623BC /* Project object */ = {
			isa = PBXProject;
			attributes = {
				LastSwiftUpdateCheck = 1240;
				LastUpgradeCheck = 1240;
				TargetAttributes = {
					944B03782625381D001623BC = {
						CreatedOnToolsVersion = 12.4;
					};
				};
			};
			buildConfigurationList = 944B03742625381D001623BC /* Build configuration list for PBXProject "ChatApp1" */;
			compatibilityVersion = "Xcode 9.3";
			developmentRegion = en;
			hasScannedForEncodings = 0;
			knownRegions = (
				en,
				Base,
			);
			mainGroup = 944B03702625381D001623BC;
			productRefGroup = 944B037A2625381D001623BC /* Products */;
			projectDirPath = "";
			projectRoot = "";
			targets = (
				944B03782625381D001623BC /* ChatApp1 */,
			);
		};
/* End PBXProject section */

/* Begin PBXResourcesBuildPhase section */
		944B03772625381D001623BC /* Resources */ = {
			isa = PBXResourcesBuildPhase;
			buildActionMask = 2147483647;
			files = (
				944B038926253820001623BC /* LaunchScreen.storyboard in Resources */,
				944B038626253820001623BC /* Assets.xcassets in Resources */,
				9478E6F8262570530022D813 /* loading.json in Resources */,
				9478E6F526256F020022D813 /* GoogleService-Info.plist in Resources */,
				9422E51E262552AA00C35E4A /* CustomCell.xib in Resources */,
				944B03842625381E001623BC /* Main.storyboard in Resources */,
			);
			runOnlyForDeploymentPostprocessing = 0;
		};
/* End PBXResourcesBuildPhase section */

/* Begin PBXShellScriptBuildPhase section */
		5817DEA474FCB560AEC0AB26 /* [CP] Embed Pods Frameworks */ = {
			isa = PBXShellScriptBuildPhase;
			buildActionMask = 2147483647;
			files = (
			);
			inputFileListPaths = (
				"${PODS_ROOT}/Target Support Files/Pods-ChatApp1/Pods-ChatApp1-frameworks-${CONFIGURATION}-input-files.xcfilelist",
			);
			name = "[CP] Embed Pods Frameworks";
			outputFileListPaths = (
				"${PODS_ROOT}/Target Support Files/Pods-ChatApp1/Pods-ChatApp1-frameworks-${CONFIGURATION}-output-files.xcfilelist",
			);
			runOnlyForDeploymentPostprocessing = 0;
			shellPath = /bin/sh;
			shellScript = "\"${PODS_ROOT}/Target Support Files/Pods-ChatApp1/Pods-ChatApp1-frameworks.sh\"\n";
			showEnvVarsInLog = 0;
		};
		9C52C315412DD9C9C8628DA2 /* [CP] Check Pods Manifest.lock */ = {
			isa = PBXShellScriptBuildPhase;
			buildActionMask = 2147483647;
			files = (
			);
			inputFileListPaths = (
			);
			inputPaths = (
				"${PODS_PODFILE_DIR_PATH}/Podfile.lock",
				"${PODS_ROOT}/Manifest.lock",
			);
			name = "[CP] Check Pods Manifest.lock";
			outputFileListPaths = (
			);
			outputPaths = (
				"$(DERIVED_FILE_DIR)/Pods-ChatApp1-checkManifestLockResult.txt",
			);
			runOnlyForDeploymentPostprocessing = 0;
			shellPath = /bin/sh;
			shellScript = "diff \"${PODS_PODFILE_DIR_PATH}/Podfile.lock\" \"${PODS_ROOT}/Manifest.lock\" > /dev/null\nif [ $? != 0 ] ; then\n    # print error to STDERR\n    echo \"error: The sandbox is not in sync with the Podfile.lock. Run 'pod install' or update your CocoaPods installation.\" >&2\n    exit 1\nfi\n# This output is used by Xcode 'outputs' to avoid re-running this script phase.\necho \"SUCCESS\" > \"${SCRIPT_OUTPUT_FILE_0}\"\n";
			showEnvVarsInLog = 0;
		};
/* End PBXShellScriptBuildPhase section */

/* Begin PBXSourcesBuildPhase section */
		944B03752625381D001623BC /* Sources */ = {
			isa = PBXSourcesBuildPhase;
			buildActionMask = 2147483647;
			files = (
				9422E51626254ECE00C35E4A /* LoginViewController.swift in Sources */,
				9422E51926254FB300C35E4A /* LottieLoading.swift in Sources */,
				944B03812625381D001623BC /* ViewController.swift in Sources */,
				9478E6F2262560E00022D813 /* Message.swift in Sources */,
				944B037D2625381D001623BC /* AppDelegate.swift in Sources */,
				944B037F2625381D001623BC /* SceneDelegate.swift in Sources */,
				9422E51326254E3E00C35E4A /* ChatViewController.swift in Sources */,
				9422E51D262552AA00C35E4A /* CustomCell.swift in Sources */,
				944B039926253CC5001623BC /* RegisterViewController.swift in Sources */,
			);
			runOnlyForDeploymentPostprocessing = 0;
		};
/* End PBXSourcesBuildPhase section */

/* Begin PBXVariantGroup section */
		944B03822625381E001623BC /* Main.storyboard */ = {
			isa = PBXVariantGroup;
			children = (
				944B03832625381E001623BC /* Base */,
			);
			name = Main.storyboard;
			sourceTree = "<group>";
		};
		944B038726253820001623BC /* LaunchScreen.storyboard */ = {
			isa = PBXVariantGroup;
			children = (
				944B038826253820001623BC /* Base */,
			);
			name = LaunchScreen.storyboard;
			sourceTree = "<group>";
		};
/* End PBXVariantGroup section */

/* Begin XCBuildConfiguration section */
		944B038B26253820001623BC /* Debug */ = {
			isa = XCBuildConfiguration;
			buildSettings = {
				ALWAYS_SEARCH_USER_PATHS = NO;
				CLANG_ANALYZER_NONNULL = YES;
				CLANG_ANALYZER_NUMBER_OBJECT_CONVERSION = YES_AGGRESSIVE;
				CLANG_CXX_LANGUAGE_STANDARD = "gnu++14";
				CLANG_CXX_LIBRARY = "libc++";
				CLANG_ENABLE_MODULES = YES;
				CLANG_ENABLE_OBJC_ARC = YES;
				CLANG_ENABLE_OBJC_WEAK = YES;
				CLANG_WARN_BLOCK_CAPTURE_AUTORELEASING = YES;
				CLANG_WARN_BOOL_CONVERSION = YES;
				CLANG_WARN_COMMA = YES;
				CLANG_WARN_CONSTANT_CONVERSION = YES;
				CLANG_WARN_DEPRECATED_OBJC_IMPLEMENTATIONS = YES;
				CLANG_WARN_DIRECT_OBJC_ISA_USAGE = YES_ERROR;
				CLANG_WARN_DOCUMENTATION_COMMENTS = YES;
				CLANG_WARN_EMPTY_BODY = YES;
				CLANG_WARN_ENUM_CONVERSION = YES;
				CLANG_WARN_INFINITE_RECURSION = YES;
				CLANG_WARN_INT_CONVERSION = YES;
				CLANG_WARN_NON_LITERAL_NULL_CONVERSION = YES;
				CLANG_WARN_OBJC_IMPLICIT_RETAIN_SELF = YES;
				CLANG_WARN_OBJC_LITERAL_CONVERSION = YES;
				CLANG_WARN_OBJC_ROOT_CLASS = YES_ERROR;
				CLANG_WARN_QUOTED_INCLUDE_IN_FRAMEWORK_HEADER = YES;
				CLANG_WARN_RANGE_LOOP_ANALYSIS = YES;
				CLANG_WARN_STRICT_PROTOTYPES = YES;
				CLANG_WARN_SUSPICIOUS_MOVE = YES;
				CLANG_WARN_UNGUARDED_AVAILABILITY = YES_AGGRESSIVE;
				CLANG_WARN_UNREACHABLE_CODE = YES;
				CLANG_WARN__DUPLICATE_METHOD_MATCH = YES;
				COPY_PHASE_STRIP = NO;
				DEBUG_INFORMATION_FORMAT = dwarf;
				ENABLE_STRICT_OBJC_MSGSEND = YES;
				ENABLE_TESTABILITY = YES;
				GCC_C_LANGUAGE_STANDARD = gnu11;
				GCC_DYNAMIC_NO_PIC = NO;
				GCC_NO_COMMON_BLOCKS = YES;
				GCC_OPTIMIZATION_LEVEL = 0;
				GCC_PREPROCESSOR_DEFINITIONS = (
					"DEBUG=1",
					"$(inherited)",
				);
				GCC_WARN_64_TO_32_BIT_CONVERSION = YES;
				GCC_WARN_ABOUT_RETURN_TYPE = YES_ERROR;
				GCC_WARN_UNDECLARED_SELECTOR = YES;
				GCC_WARN_UNINITIALIZED_AUTOS = YES_AGGRESSIVE;
				GCC_WARN_UNUSED_FUNCTION = YES;
				GCC_WARN_UNUSED_VARIABLE = YES;
				IPHONEOS_DEPLOYMENT_TARGET = 14.4;
				MTL_ENABLE_DEBUG_INFO = INCLUDE_SOURCE;
				MTL_FAST_MATH = YES;
				ONLY_ACTIVE_ARCH = YES;
				SDKROOT = iphoneos;
				SWIFT_ACTIVE_COMPILATION_CONDITIONS = DEBUG;
				SWIFT_OPTIMIZATION_LEVEL = "-Onone";
			};
			name = Debug;
		};
		944B038C26253820001623BC /* Release */ = {
			isa = XCBuildConfiguration;
			buildSettings = {
				ALWAYS_SEARCH_USER_PATHS = NO;
				CLANG_ANALYZER_NONNULL = YES;
				CLANG_ANALYZER_NUMBER_OBJECT_CONVERSION = YES_AGGRESSIVE;
				CLANG_CXX_LANGUAGE_STANDARD = "gnu++14";
				CLANG_CXX_LIBRARY = "libc++";
				CLANG_ENABLE_MODULES = YES;
				CLANG_ENABLE_OBJC_ARC = YES;
				CLANG_ENABLE_OBJC_WEAK = YES;
				CLANG_WARN_BLOCK_CAPTURE_AUTORELEASING = YES;
				CLANG_WARN_BOOL_CONVERSION = YES;
				CLANG_WARN_COMMA = YES;
				CLANG_WARN_CONSTANT_CONVERSION = YES;
				CLANG_WARN_DEPRECATED_OBJC_IMPLEMENTATIONS = YES;
				CLANG_WARN_DIRECT_OBJC_ISA_USAGE = YES_ERROR;
				CLANG_WARN_DOCUMENTATION_COMMENTS = YES;
				CLANG_WARN_EMPTY_BODY = YES;
				CLANG_WARN_ENUM_CONVERSION = YES;
				CLANG_WARN_INFINITE_RECURSION = YES;
				CLANG_WARN_INT_CONVERSION = YES;
				CLANG_WARN_NON_LITERAL_NULL_CONVERSION = YES;
				CLANG_WARN_OBJC_IMPLICIT_RETAIN_SELF = YES;
				CLANG_WARN_OBJC_LITERAL_CONVERSION = YES;
				CLANG_WARN_OBJC_ROOT_CLASS = YES_ERROR;
				CLANG_WARN_QUOTED_INCLUDE_IN_FRAMEWORK_HEADER = YES;
				CLANG_WARN_RANGE_LOOP_ANALYSIS = YES;
				CLANG_WARN_STRICT_PROTOTYPES = YES;
				CLANG_WARN_SUSPICIOUS_MOVE = YES;
				CLANG_WARN_UNGUARDED_AVAILABILITY = YES_AGGRESSIVE;
				CLANG_WARN_UNREACHABLE_CODE = YES;
				CLANG_WARN__DUPLICATE_METHOD_MATCH = YES;
				COPY_PHASE_STRIP = NO;
				DEBUG_INFORMATION_FORMAT = "dwarf-with-dsym";
				ENABLE_NS_ASSERTIONS = NO;
				ENABLE_STRICT_OBJC_MSGSEND = YES;
				GCC_C_LANGUAGE_STANDARD = gnu11;
				GCC_NO_COMMON_BLOCKS = YES;
				GCC_WARN_64_TO_32_BIT_CONVERSION = YES;
				GCC_WARN_ABOUT_RETURN_TYPE = YES_ERROR;
				GCC_WARN_UNDECLARED_SELECTOR = YES;
				GCC_WARN_UNINITIALIZED_AUTOS = YES_AGGRESSIVE;
				GCC_WARN_UNUSED_FUNCTION = YES;
				GCC_WARN_UNUSED_VARIABLE = YES;
				IPHONEOS_DEPLOYMENT_TARGET = 14.4;
				MTL_ENABLE_DEBUG_INFO = NO;
				MTL_FAST_MATH = YES;
				SDKROOT = iphoneos;
				SWIFT_COMPILATION_MODE = wholemodule;
				SWIFT_OPTIMIZATION_LEVEL = "-O";
				VALIDATE_PRODUCT = YES;
			};
			name = Release;
		};
		944B038E26253820001623BC /* Debug */ = {
			isa = XCBuildConfiguration;
			baseConfigurationReference = 39E14616B8E692BFB6666353 /* Pods-ChatApp1.debug.xcconfig */;
			buildSettings = {
				ASSETCATALOG_COMPILER_APPICON_NAME = AppIcon;
				ASSETCATALOG_COMPILER_GLOBAL_ACCENT_COLOR_NAME = AccentColor;
				CODE_SIGN_STYLE = Automatic;
				INFOPLIST_FILE = ChatApp1/Info.plist;
				LD_RUNPATH_SEARCH_PATHS = (
					"$(inherited)",
					"@executable_path/Frameworks",
				);
				PRODUCT_BUNDLE_IDENTIFIER = com.hitominagano.ChatApp1;
				PRODUCT_NAME = "$(TARGET_NAME)";
				SWIFT_VERSION = 5.0;
				TARGETED_DEVICE_FAMILY = 1;
			};
			name = Debug;
		};
		944B038F26253820001623BC /* Release */ = {
			isa = XCBuildConfiguration;
			baseConfigurationReference = CF5ECF62AAA32B5611C939C9 /* Pods-ChatApp1.release.xcconfig */;
			buildSettings = {
				ASSETCATALOG_COMPILER_APPICON_NAME = AppIcon;
				ASSETCATALOG_COMPILER_GLOBAL_ACCENT_COLOR_NAME = AccentColor;
				CODE_SIGN_STYLE = Automatic;
				INFOPLIST_FILE = ChatApp1/Info.plist;
				LD_RUNPATH_SEARCH_PATHS = (
					"$(inherited)",
					"@executable_path/Frameworks",
				);
				PRODUCT_BUNDLE_IDENTIFIER = com.hitominagano.ChatApp1;
				PRODUCT_NAME = "$(TARGET_NAME)";
				SWIFT_VERSION = 5.0;
				TARGETED_DEVICE_FAMILY = 1;
			};
			name = Release;
		};
/* End XCBuildConfiguration section */

/* Begin XCConfigurationList section */
		944B03742625381D001623BC /* Build configuration list for PBXProject "ChatApp1" */ = {
			isa = XCConfigurationList;
			buildConfigurations = (
				944B038B26253820001623BC /* Debug */,
				944B038C26253820001623BC /* Release */,
			);
			defaultConfigurationIsVisible = 0;
			defaultConfigurationName = Release;
		};
		944B038D26253820001623BC /* Build configuration list for PBXNativeTarget "ChatApp1" */ = {
			isa = XCConfigurationList;
			buildConfigurations = (
				944B038E26253820001623BC /* Debug */,
				944B038F26253820001623BC /* Release */,
			);
			defaultConfigurationIsVisible = 0;
			defaultConfigurationName = Release;
		};
/* End XCConfigurationList section */
	};
	rootObject = 944B03712625381D001623BC /* Project object */;
}
